// !$*UTF8*$!
{
	archiveVersion = 1;
	classes = {
	};
	objectVersion = 56;
	objects = {

/* Begin PBXBuildFile section */
		FFF2F4E529800CFC00077E71 /* AppDelegate.swift in Sources */ = {isa = PBXBuildFile; fileRef = FFF2F4E429800CFC00077E71 /* AppDelegate.swift */; };
		FFF2F4E729800CFC00077E71 /* SceneDelegate.swift in Sources */ = {isa = PBXBuildFile; fileRef = FFF2F4E629800CFC00077E71 /* SceneDelegate.swift */; };
		FFF2F4E929800CFC00077E71 /* MainScreenVC.swift in Sources */ = {isa = PBXBuildFile; fileRef = FFF2F4E829800CFC00077E71 /* MainScreenVC.swift */; };
		FFF2F4EC29800CFC00077E71 /* Main.storyboard in Resources */ = {isa = PBXBuildFile; fileRef = FFF2F4EA29800CFC00077E71 /* Main.storyboard */; };
		FFF2F4EF29800CFC00077E71 /* MovieTmdpApi.xcdatamodeld in Sources */ = {isa = PBXBuildFile; fileRef = FFF2F4ED29800CFC00077E71 /* MovieTmdpApi.xcdatamodeld */; };
		FFF2F4F129800CFD00077E71 /* Assets.xcassets in Resources */ = {isa = PBXBuildFile; fileRef = FFF2F4F029800CFD00077E71 /* Assets.xcassets */; };
		FFF2F4F429800CFD00077E71 /* LaunchScreen.storyboard in Resources */ = {isa = PBXBuildFile; fileRef = FFF2F4F229800CFD00077E71 /* LaunchScreen.storyboard */; };
		FFF2F4FC29800D0E00077E71 /* Movie.swift in Sources */ = {isa = PBXBuildFile; fileRef = FFF2F4FB29800D0E00077E71 /* Movie.swift */; };
		FFF2F4FE2980113600077E71 /* ApiService.swift in Sources */ = {isa = PBXBuildFile; fileRef = FFF2F4FD2980113600077E71 /* ApiService.swift */; };
		FFF2F50229801B0B00077E71 /* StartScreenVC.swift in Sources */ = {isa = PBXBuildFile; fileRef = FFF2F50129801B0B00077E71 /* StartScreenVC.swift */; };
/* End PBXBuildFile section */

/* Begin PBXFileReference section */
		FFF2F4E129800CFC00077E71 /* MovieTmdpApi.app */ = {isa = PBXFileReference; explicitFileType = wrapper.application; includeInIndex = 0; path = MovieTmdpApi.app; sourceTree = BUILT_PRODUCTS_DIR; };
		FFF2F4E429800CFC00077E71 /* AppDelegate.swift */ = {isa = PBXFileReference; lastKnownFileType = sourcecode.swift; path = AppDelegate.swift; sourceTree = "<group>"; };
		FFF2F4E629800CFC00077E71 /* SceneDelegate.swift */ = {isa = PBXFileReference; lastKnownFileType = sourcecode.swift; path = SceneDelegate.swift; sourceTree = "<group>"; };
		FFF2F4E829800CFC00077E71 /* MainScreenVC.swift */ = {isa = PBXFileReference; lastKnownFileType = sourcecode.swift; path = MainScreenVC.swift; sourceTree = "<group>"; };
		FFF2F4EB29800CFC00077E71 /* Base */ = {isa = PBXFileReference; lastKnownFileType = file.storyboard; name = Base; path = Base.lproj/Main.storyboard; sourceTree = "<group>"; };
		FFF2F4EE29800CFC00077E71 /* MovieTmdpApi.xcdatamodel */ = {isa = PBXFileReference; lastKnownFileType = wrapper.xcdatamodel; path = MovieTmdpApi.xcdatamodel; sourceTree = "<group>"; };
		FFF2F4F029800CFD00077E71 /* Assets.xcassets */ = {isa = PBXFileReference; lastKnownFileType = folder.assetcatalog; path = Assets.xcassets; sourceTree = "<group>"; };
		FFF2F4F329800CFD00077E71 /* Base */ = {isa = PBXFileReference; lastKnownFileType = file.storyboard; name = Base; path = Base.lproj/LaunchScreen.storyboard; sourceTree = "<group>"; };
		FFF2F4F529800CFD00077E71 /* Info.plist */ = {isa = PBXFileReference; lastKnownFileType = text.plist.xml; path = Info.plist; sourceTree = "<group>"; };
		FFF2F4FB29800D0E00077E71 /* Movie.swift */ = {isa = PBXFileReference; lastKnownFileType = sourcecode.swift; path = Movie.swift; sourceTree = "<group>"; };
		FFF2F4FD2980113600077E71 /* ApiService.swift */ = {isa = PBXFileReference; lastKnownFileType = sourcecode.swift; path = ApiService.swift; sourceTree = "<group>"; };
		FFF2F50129801B0B00077E71 /* StartScreenVC.swift */ = {isa = PBXFileReference; lastKnownFileType = sourcecode.swift; path = StartScreenVC.swift; sourceTree = "<group>"; };
/* End PBXFileReference section */

/* Begin PBXFrameworksBuildPhase section */
		FFF2F4DE29800CFC00077E71 /* Frameworks */ = {
			isa = PBXFrameworksBuildPhase;
			buildActionMask = 2147483647;
			files = (
			);
			runOnlyForDeploymentPostprocessing = 0;
		};
/* End PBXFrameworksBuildPhase section */

/* Begin PBXGroup section */
		FFF2F4D829800CFC00077E71 = {
			isa = PBXGroup;
			children = (
				FFF2F4E329800CFC00077E71 /* MovieTmdpApi */,
				FFF2F4E229800CFC00077E71 /* Products */,
			);
			sourceTree = "<group>";
		};
		FFF2F4E229800CFC00077E71 /* Products */ = {
			isa = PBXGroup;
			children = (
				FFF2F4E129800CFC00077E71 /* MovieTmdpApi.app */,
			);
			name = Products;
			sourceTree = "<group>";
		};
		FFF2F4E329800CFC00077E71 /* MovieTmdpApi */ = {
			isa = PBXGroup;
			children = (
				FFF2F4E429800CFC00077E71 /* AppDelegate.swift */,
				FFF2F4E629800CFC00077E71 /* SceneDelegate.swift */,
				FFF2F50129801B0B00077E71 /* StartScreenVC.swift */,
				FFF2F4E829800CFC00077E71 /* MainScreenVC.swift */,
				FFF2F4FD2980113600077E71 /* ApiService.swift */,
				FFF2F4FB29800D0E00077E71 /* Movie.swift */,
				FFF2F4EA29800CFC00077E71 /* Main.storyboard */,
				FFF2F4F029800CFD00077E71 /* Assets.xcassets */,
				FFF2F4F229800CFD00077E71 /* LaunchScreen.storyboard */,
				FFF2F4F529800CFD00077E71 /* Info.plist */,
				FFF2F4ED29800CFC00077E71 /* MovieTmdpApi.xcdatamodeld */,
			);
			path = MovieTmdpApi;
			sourceTree = "<group>";
		};
/* End PBXGroup section */

/* Begin PBXNativeTarget section */
		FFF2F4E029800CFC00077E71 /* MovieTmdpApi */ = {
			isa = PBXNativeTarget;
			buildConfigurationList = FFF2F4F829800CFD00077E71 /* Build configuration list for PBXNativeTarget "MovieTmdpApi" */;
			buildPhases = (
				FFF2F4DD29800CFC00077E71 /* Sources */,
				FFF2F4DE29800CFC00077E71 /* Frameworks */,
				FFF2F4DF29800CFC00077E71 /* Resources */,
			);
			buildRules = (
			);
			dependencies = (
			);
			name = MovieTmdpApi;
			productName = MovieTmdpApi;
			productReference = FFF2F4E129800CFC00077E71 /* MovieTmdpApi.app */;
			productType = "com.apple.product-type.application";
		};
/* End PBXNativeTarget section */

/* Begin PBXProject section */
		FFF2F4D929800CFC00077E71 /* Project object */ = {
			isa = PBXProject;
			attributes = {
				BuildIndependentTargetsInParallel = 1;
				LastSwiftUpdateCheck = 1410;
				LastUpgradeCheck = 1410;
				TargetAttributes = {
					FFF2F4E029800CFC00077E71 = {
						CreatedOnToolsVersion = 14.1;
					};
				};
			};
			buildConfigurationList = FFF2F4DC29800CFC00077E71 /* Build configuration list for PBXProject "MovieTmdpApi" */;
			compatibilityVersion = "Xcode 14.0";
			developmentRegion = en;
			hasScannedForEncodings = 0;
			knownRegions = (
				en,
				Base,
			);
			mainGroup = FFF2F4D829800CFC00077E71;
			productRefGroup = FFF2F4E229800CFC00077E71 /* Products */;
			projectDirPath = "";
			projectRoot = "";
			targets = (
				FFF2F4E029800CFC00077E71 /* MovieTmdpApi */,
			);
		};
/* End PBXProject section */

/* Begin PBXResourcesBuildPhase section */
		FFF2F4DF29800CFC00077E71 /* Resources */ = {
			isa = PBXResourcesBuildPhase;
			buildActionMask = 2147483647;
			files = (
				FFF2F4F429800CFD00077E71 /* LaunchScreen.storyboard in Resources */,
				FFF2F4F129800CFD00077E71 /* Assets.xcassets in Resources */,
				FFF2F4EC29800CFC00077E71 /* Main.storyboard in Resources */,
			);
			runOnlyForDeploymentPostprocessing = 0;
		};
/* End PBXResourcesBuildPhase section */

/* Begin PBXSourcesBuildPhase section */
		FFF2F4DD29800CFC00077E71 /* Sources */ = {
			isa = PBXSourcesBuildPhase;
			buildActionMask = 2147483647;
			files = (
				FFF2F4EF29800CFC00077E71 /* MovieTmdpApi.xcdatamodeld in Sources */,
				FFF2F50229801B0B00077E71 /* StartScreenVC.swift in Sources */,
				FFF2F4E929800CFC00077E71 /* MainScreenVC.swift in Sources */,
				FFF2F4FE2980113600077E71 /* ApiService.swift in Sources */,
				FFF2F4E529800CFC00077E71 /* AppDelegate.swift in Sources */,
				FFF2F4E729800CFC00077E71 /* SceneDelegate.swift in Sources */,
				FFF2F4FC29800D0E00077E71 /* Movie.swift in Sources */,
			);
			runOnlyForDeploymentPostprocessing = 0;
		};
/* End PBXSourcesBuildPhase section */

/* Begin PBXVariantGroup section */
		FFF2F4EA29800CFC00077E71 /* Main.storyboard */ = {
			isa = PBXVariantGroup;
			children = (
				FFF2F4EB29800CFC00077E71 /* Base */,
			);
			name = Main.storyboard;
			sourceTree = "<group>";
		};
		FFF2F4F229800CFD00077E71 /* LaunchScreen.storyboard */ = {
			isa = PBXVariantGroup;
			children = (
				FFF2F4F329800CFD00077E71 /* Base */,
			);
			name = LaunchScreen.storyboard;
			sourceTree = "<group>";
		};
/* End PBXVariantGroup section */

/* Begin XCBuildConfiguration section */
		FFF2F4F629800CFD00077E71 /* Debug */ = {
			isa = XCBuildConfiguration;
			buildSettings = {
				ALWAYS_SEARCH_USER_PATHS = NO;
				CLANG_ANALYZER_NONNULL = YES;
				CLANG_ANALYZER_NUMBER_OBJECT_CONVERSION = YES_AGGRESSIVE;
				CLANG_CXX_LANGUAGE_STANDARD = "gnu++20";
				CLANG_ENABLE_MODULES = YES;
				CLANG_ENABLE_OBJC_ARC = YES;
				CLANG_ENABLE_OBJC_WEAK = YES;
				CLANG_WARN_BLOCK_CAPTURE_AUTORELEASING = YES;
				CLANG_WARN_BOOL_CONVERSION = YES;
				CLANG_WARN_COMMA = YES;
				CLANG_WARN_CONSTANT_CONVERSION = YES;
				CLANG_WARN_DEPRECATED_OBJC_IMPLEMENTATIONS = YES;
				CLANG_WARN_DIRECT_OBJC_ISA_USAGE = YES_ERROR;
				CLANG_WARN_DOCUMENTATION_COMMENTS = YES;
				CLANG_WARN_EMPTY_BODY = YES;
				CLANG_WARN_ENUM_CONVERSION = YES;
				CLANG_WARN_INFINITE_RECURSION = YES;
				CLANG_WARN_INT_CONVERSION = YES;
				CLANG_WARN_NON_LITERAL_NULL_CONVERSION = YES;
				CLANG_WARN_OBJC_IMPLICIT_RETAIN_SELF = YES;
				CLANG_WARN_OBJC_LITERAL_CONVERSION = YES;
				CLANG_WARN_OBJC_ROOT_CLASS = YES_ERROR;
				CLANG_WARN_QUOTED_INCLUDE_IN_FRAMEWORK_HEADER = YES;
				CLANG_WARN_RANGE_LOOP_ANALYSIS = YES;
				CLANG_WARN_STRICT_PROTOTYPES = YES;
				CLANG_WARN_SUSPICIOUS_MOVE = YES;
				CLANG_WARN_UNGUARDED_AVAILABILITY = YES_AGGRESSIVE;
				CLANG_WARN_UNREACHABLE_CODE = YES;
				CLANG_WARN__DUPLICATE_METHOD_MATCH = YES;
				COPY_PHASE_STRIP = NO;
				DEBUG_INFORMATION_FORMAT = dwarf;
				ENABLE_STRICT_OBJC_MSGSEND = YES;
				ENABLE_TESTABILITY = YES;
				GCC_C_LANGUAGE_STANDARD = gnu11;
				GCC_DYNAMIC_NO_PIC = NO;
				GCC_NO_COMMON_BLOCKS = YES;
				GCC_OPTIMIZATION_LEVEL = 0;
				GCC_PREPROCESSOR_DEFINITIONS = (
					"DEBUG=1",
					"$(inherited)",
				);
				GCC_WARN_64_TO_32_BIT_CONVERSION = YES;
				GCC_WARN_ABOUT_RETURN_TYPE = YES_ERROR;
				GCC_WARN_UNDECLARED_SELECTOR = YES;
				GCC_WARN_UNINITIALIZED_AUTOS = YES_AGGRESSIVE;
				GCC_WARN_UNUSED_FUNCTION = YES;
				GCC_WARN_UNUSED_VARIABLE = YES;
				IPHONEOS_DEPLOYMENT_TARGET = 16.1;
				MTL_ENABLE_DEBUG_INFO = INCLUDE_SOURCE;
				MTL_FAST_MATH = YES;
				ONLY_ACTIVE_ARCH = YES;
				SDKROOT = iphoneos;
				SWIFT_ACTIVE_COMPILATION_CONDITIONS = DEBUG;
				SWIFT_OPTIMIZATION_LEVEL = "-Onone";
			};
			name = Debug;
		};
		FFF2F4F729800CFD00077E71 /* Release */ = {
			isa = XCBuildConfiguration;
			buildSettings = {
				ALWAYS_SEARCH_USER_PATHS = NO;
				CLANG_ANALYZER_NONNULL = YES;
				CLANG_ANALYZER_NUMBER_OBJECT_CONVERSION = YES_AGGRESSIVE;
				CLANG_CXX_LANGUAGE_STANDARD = "gnu++20";
				CLANG_ENABLE_MODULES = YES;
				CLANG_ENABLE_OBJC_ARC = YES;
				CLANG_ENABLE_OBJC_WEAK = YES;
				CLANG_WARN_BLOCK_CAPTURE_AUTORELEASING = YES;
				CLANG_WARN_BOOL_CONVERSION = YES;
				CLANG_WARN_COMMA = YES;
				CLANG_WARN_CONSTANT_CONVERSION = YES;
				CLANG_WARN_DEPRECATED_OBJC_IMPLEMENTATIONS = YES;
				CLANG_WARN_DIRECT_OBJC_ISA_USAGE = YES_ERROR;
				CLANG_WARN_DOCUMENTATION_COMMENTS = YES;
				CLANG_WARN_EMPTY_BODY = YES;
				CLANG_WARN_ENUM_CONVERSION = YES;
				CLANG_WARN_INFINITE_RECURSION = YES;
				CLANG_WARN_INT_CONVERSION = YES;
				CLANG_WARN_NON_LITERAL_NULL_CONVERSION = YES;
				CLANG_WARN_OBJC_IMPLICIT_RETAIN_SELF = YES;
				CLANG_WARN_OBJC_LITERAL_CONVERSION = YES;
				CLANG_WARN_OBJC_ROOT_CLASS = YES_ERROR;
				CLANG_WARN_QUOTED_INCLUDE_IN_FRAMEWORK_HEADER = YES;
				CLANG_WARN_RANGE_LOOP_ANALYSIS = YES;
				CLANG_WARN_STRICT_PROTOTYPES = YES;
				CLANG_WARN_SUSPICIOUS_MOVE = YES;
				CLANG_WARN_UNGUARDED_AVAILABILITY = YES_AGGRESSIVE;
				CLANG_WARN_UNREACHABLE_CODE = YES;
				CLANG_WARN__DUPLICATE_METHOD_MATCH = YES;
				COPY_PHASE_STRIP = NO;
				DEBUG_INFORMATION_FORMAT = "dwarf-with-dsym";
				ENABLE_NS_ASSERTIONS = NO;
				ENABLE_STRICT_OBJC_MSGSEND = YES;
				GCC_C_LANGUAGE_STANDARD = gnu11;
				GCC_NO_COMMON_BLOCKS = YES;
				GCC_WARN_64_TO_32_BIT_CONVERSION = YES;
				GCC_WARN_ABOUT_RETURN_TYPE = YES_ERROR;
				GCC_WARN_UNDECLARED_SELECTOR = YES;
				GCC_WARN_UNINITIALIZED_AUTOS = YES_AGGRESSIVE;
				GCC_WARN_UNUSED_FUNCTION = YES;
				GCC_WARN_UNUSED_VARIABLE = YES;
				IPHONEOS_DEPLOYMENT_TARGET = 16.1;
				MTL_ENABLE_DEBUG_INFO = NO;
				MTL_FAST_MATH = YES;
				SDKROOT = iphoneos;
				SWIFT_COMPILATION_MODE = wholemodule;
				SWIFT_OPTIMIZATION_LEVEL = "-O";
				VALIDATE_PRODUCT = YES;
			};
			name = Release;
		};
		FFF2F4F929800CFD00077E71 /* Debug */ = {
			isa = XCBuildConfiguration;
			buildSettings = {
				ASSETCATALOG_COMPILER_APPICON_NAME = AppIcon;
				ASSETCATALOG_COMPILER_GLOBAL_ACCENT_COLOR_NAME = AccentColor;
				CODE_SIGN_STYLE = Automatic;
				CURRENT_PROJECT_VERSION = 1;
				DEVELOPMENT_TEAM = 7DKZH9VMX9;
				GENERATE_INFOPLIST_FILE = YES;
				INFOPLIST_FILE = MovieTmdpApi/Info.plist;
				INFOPLIST_KEY_UIApplicationSupportsIndirectInputEvents = YES;
				INFOPLIST_KEY_UILaunchStoryboardName = LaunchScreen;
				INFOPLIST_KEY_UIMainStoryboardFile = Main;
				INFOPLIST_KEY_UISupportedInterfaceOrientations_iPad = "UIInterfaceOrientationPortrait UIInterfaceOrientationPortraitUpsideDown UIInterfaceOrientationLandscapeLeft UIInterfaceOrientationLandscapeRight";
				INFOPLIST_KEY_UISupportedInterfaceOrientations_iPhone = "UIInterfaceOrientationPortrait UIInterfaceOrientationLandscapeLeft UIInterfaceOrientationLandscapeRight";
				LD_RUNPATH_SEARCH_PATHS = (
					"$(inherited)",
					"@executable_path/Frameworks",
				);
				MARKETING_VERSION = 1.0;
				PRODUCT_BUNDLE_IDENTIFIER = com.batuhan.MovieTmdpApi;
				PRODUCT_NAME = "$(TARGET_NAME)";
				SWIFT_EMIT_LOC_STRINGS = YES;
				SWIFT_VERSION = 5.0;
				TARGETED_DEVICE_FAMILY = "1,2";
			};
			name = Debug;
		};
		FFF2F4FA29800CFD00077E71 /* Release */ = {
			isa = XCBuildConfiguration;
			buildSettings = {
				ASSETCATALOG_COMPILER_APPICON_NAME = AppIcon;
				ASSETCATALOG_COMPILER_GLOBAL_ACCENT_COLOR_NAME = AccentColor;
				CODE_SIGN_STYLE = Automatic;
				CURRENT_PROJECT_VERSION = 1;
				DEVELOPMENT_TEAM = 7DKZH9VMX9;
				GENERATE_INFOPLIST_FILE = YES;
				INFOPLIST_FILE = MovieTmdpApi/Info.plist;
				INFOPLIST_KEY_UIApplicationSupportsIndirectInputEvents = YES;
				INFOPLIST_KEY_UILaunchStoryboardName = LaunchScreen;
				INFOPLIST_KEY_UIMainStoryboardFile = Main;
				INFOPLIST_KEY_UISupportedInterfaceOrientations_iPad = "UIInterfaceOrientationPortrait UIInterfaceOrientationPortraitUpsideDown UIInterfaceOrientationLandscapeLeft UIInterfaceOrientationLandscapeRight";
				INFOPLIST_KEY_UISupportedInterfaceOrientations_iPhone = "UIInterfaceOrientationPortrait UIInterfaceOrientationLandscapeLeft UIInterfaceOrientationLandscapeRight";
				LD_RUNPATH_SEARCH_PATHS = (
					"$(inherited)",
					"@executable_path/Frameworks",
				);
				MARKETING_VERSION = 1.0;
				PRODUCT_BUNDLE_IDENTIFIER = com.batuhan.MovieTmdpApi;
				PRODUCT_NAME = "$(TARGET_NAME)";
				SWIFT_EMIT_LOC_STRINGS = YES;
				SWIFT_VERSION = 5.0;
				TARGETED_DEVICE_FAMILY = "1,2";
			};
			name = Release;
		};
/* End XCBuildConfiguration section */

/* Begin XCConfigurationList section */
		FFF2F4DC29800CFC00077E71 /* Build configuration list for PBXProject "MovieTmdpApi" */ = {
			isa = XCConfigurationList;
			buildConfigurations = (
				FFF2F4F629800CFD00077E71 /* Debug */,
				FFF2F4F729800CFD00077E71 /* Release */,
			);
			defaultConfigurationIsVisible = 0;
			defaultConfigurationName = Release;
		};
		FFF2F4F829800CFD00077E71 /* Build configuration list for PBXNativeTarget "MovieTmdpApi" */ = {
			isa = XCConfigurationList;
			buildConfigurations = (
				FFF2F4F929800CFD00077E71 /* Debug */,
				FFF2F4FA29800CFD00077E71 /* Release */,
			);
			defaultConfigurationIsVisible = 0;
			defaultConfigurationName = Release;
		};
/* End XCConfigurationList section */

/* Begin XCVersionGroup section */
		FFF2F4ED29800CFC00077E71 /* MovieTmdpApi.xcdatamodeld */ = {
			isa = XCVersionGroup;
			children = (
				FFF2F4EE29800CFC00077E71 /* MovieTmdpApi.xcdatamodel */,
			);
			currentVersion = FFF2F4EE29800CFC00077E71 /* MovieTmdpApi.xcdatamodel */;
			path = MovieTmdpApi.xcdatamodeld;
			sourceTree = "<group>";
			versionGroupType = wrapper.xcdatamodel;
		};
/* End XCVersionGroup section */
	};
	rootObject = FFF2F4D929800CFC00077E71 /* Project object */;
}
